github.com/gatling/gatling.io-doc-theme v0.0.0-20240618140343-bcea49030faa h1:tJn7IGWtlJrq0mjyBkKC07hASQEv2262a5RkIci/LrI=
github.com/gatling/gatling.io-doc-theme v0.0.0-20240618140343-bcea49030faa/go.mod h1:1Cdzj3kPUrXqWMJfCRFNQGDTv1S/fy2wP45JW3CDadA=
github.com/gatling/gatling.io-doc-theme v0.0.0-20240618151308-69515e7354b4 h1:wL4/KG0GhXdzbQq9P0YqetmV6xPIBejdlNkfHo0+mCM=
github.com/gatling/gatling.io-doc-theme v0.0.0-20240618151308-69515e7354b4/go.mod h1:1Cdzj3kPUrXqWMJfCRFNQGDTv1S/fy2wP45JW3CDadA=
